// !$*UTF8*$!
{
	archiveVersion = 1;
	classes = {
	};
	objectVersion = 48;
	objects = {

/* Begin PBXBuildFile section */
		A4AB8C1A6BCCD83EACF84BFA /* Pods_Music_App.framework in Frameworks */ = {isa = PBXBuildFile; fileRef = 91FFFDB18BEF34A7FB6860AF /* Pods_Music_App.framework */; };
		B685D2E6213EF55700CFC50F /* AppDelegate.swift in Sources */ = {isa = PBXBuildFile; fileRef = B685D2E5213EF55700CFC50F /* AppDelegate.swift */; };
		B685D2E8213EF55700CFC50F /* ViewController.swift in Sources */ = {isa = PBXBuildFile; fileRef = B685D2E7213EF55700CFC50F /* ViewController.swift */; };
		B685D2EB213EF55700CFC50F /* Main.storyboard in Resources */ = {isa = PBXBuildFile; fileRef = B685D2E9213EF55700CFC50F /* Main.storyboard */; };
		B685D2ED213EF55700CFC50F /* Assets.xcassets in Resources */ = {isa = PBXBuildFile; fileRef = B685D2EC213EF55700CFC50F /* Assets.xcassets */; };
		B685D2F0213EF55700CFC50F /* LaunchScreen.storyboard in Resources */ = {isa = PBXBuildFile; fileRef = B685D2EE213EF55700CFC50F /* LaunchScreen.storyboard */; };
		B685D2F8213EFC4000CFC50F /* TrackCell.swift in Sources */ = {isa = PBXBuildFile; fileRef = B685D2F7213EFC4000CFC50F /* TrackCell.swift */; };
		B685D2FA213EFC6500CFC50F /* TrackTable.swift in Sources */ = {isa = PBXBuildFile; fileRef = B685D2F9213EFC6500CFC50F /* TrackTable.swift */; };
		B6A2DDAB2143EBAA003CBF9F /* DataModel.swift in Sources */ = {isa = PBXBuildFile; fileRef = B6A2DDAA2143EBAA003CBF9F /* DataModel.swift */; };
		B6A2DDAD21440B78003CBF9F /* Constant.swift in Sources */ = {isa = PBXBuildFile; fileRef = B6A2DDAC21440B78003CBF9F /* Constant.swift */; };
/* End PBXBuildFile section */

/* Begin PBXFileReference section */
		3D4167BEFCAF6AB0799A50D7 /* Pods-Music App.release.xcconfig */ = {isa = PBXFileReference; includeInIndex = 1; lastKnownFileType = text.xcconfig; name = "Pods-Music App.release.xcconfig"; path = "Pods/Target Support Files/Pods-Music App/Pods-Music App.release.xcconfig"; sourceTree = "<group>"; };
		91FFFDB18BEF34A7FB6860AF /* Pods_Music_App.framework */ = {isa = PBXFileReference; explicitFileType = wrapper.framework; includeInIndex = 0; path = Pods_Music_App.framework; sourceTree = BUILT_PRODUCTS_DIR; };
		B685D2E2213EF55700CFC50F /* Music App.app */ = {isa = PBXFileReference; explicitFileType = wrapper.application; includeInIndex = 0; path = "Music App.app"; sourceTree = BUILT_PRODUCTS_DIR; };
		B685D2E5213EF55700CFC50F /* AppDelegate.swift */ = {isa = PBXFileReference; lastKnownFileType = sourcecode.swift; path = AppDelegate.swift; sourceTree = "<group>"; };
		B685D2E7213EF55700CFC50F /* ViewController.swift */ = {isa = PBXFileReference; lastKnownFileType = sourcecode.swift; path = ViewController.swift; sourceTree = "<group>"; };
		B685D2EA213EF55700CFC50F /* Base */ = {isa = PBXFileReference; lastKnownFileType = file.storyboard; name = Base; path = Base.lproj/Main.storyboard; sourceTree = "<group>"; };
		B685D2EC213EF55700CFC50F /* Assets.xcassets */ = {isa = PBXFileReference; lastKnownFileType = folder.assetcatalog; path = Assets.xcassets; sourceTree = "<group>"; };
		B685D2EF213EF55700CFC50F /* Base */ = {isa = PBXFileReference; lastKnownFileType = file.storyboard; name = Base; path = Base.lproj/LaunchScreen.storyboard; sourceTree = "<group>"; };
		B685D2F1213EF55700CFC50F /* Info.plist */ = {isa = PBXFileReference; lastKnownFileType = text.plist.xml; path = Info.plist; sourceTree = "<group>"; };
		B685D2F7213EFC4000CFC50F /* TrackCell.swift */ = {isa = PBXFileReference; lastKnownFileType = sourcecode.swift; path = TrackCell.swift; sourceTree = "<group>"; };
		B685D2F9213EFC6500CFC50F /* TrackTable.swift */ = {isa = PBXFileReference; lastKnownFileType = sourcecode.swift; path = TrackTable.swift; sourceTree = "<group>"; };
		B6A2DDAA2143EBAA003CBF9F /* DataModel.swift */ = {isa = PBXFileReference; lastKnownFileType = sourcecode.swift; path = DataModel.swift; sourceTree = "<group>"; };
		B6A2DDAC21440B78003CBF9F /* Constant.swift */ = {isa = PBXFileReference; lastKnownFileType = sourcecode.swift; path = Constant.swift; sourceTree = "<group>"; };
		F151A641342F27E948CB70C7 /* Pods-Music App.debug.xcconfig */ = {isa = PBXFileReference; includeInIndex = 1; lastKnownFileType = text.xcconfig; name = "Pods-Music App.debug.xcconfig"; path = "Pods/Target Support Files/Pods-Music App/Pods-Music App.debug.xcconfig"; sourceTree = "<group>"; };
/* End PBXFileReference section */

/* Begin PBXFrameworksBuildPhase section */
		B685D2DF213EF55700CFC50F /* Frameworks */ = {
			isa = PBXFrameworksBuildPhase;
			buildActionMask = 2147483647;
			files = (
				A4AB8C1A6BCCD83EACF84BFA /* Pods_Music_App.framework in Frameworks */,
			);
			runOnlyForDeploymentPostprocessing = 0;
		};
/* End PBXFrameworksBuildPhase section */

/* Begin PBXGroup section */
		50D1C2FAE4A75E5E0FBEFDCE /* Frameworks */ = {
			isa = PBXGroup;
			children = (
				91FFFDB18BEF34A7FB6860AF /* Pods_Music_App.framework */,
			);
			name = Frameworks;
			sourceTree = "<group>";
		};
		9440CEEAFCD1EC4D40116B42 /* Pods */ = {
			isa = PBXGroup;
			children = (
				F151A641342F27E948CB70C7 /* Pods-Music App.debug.xcconfig */,
				3D4167BEFCAF6AB0799A50D7 /* Pods-Music App.release.xcconfig */,
			);
			name = Pods;
			sourceTree = "<group>";
		};
		B685D2D9213EF55700CFC50F = {
			isa = PBXGroup;
			children = (
				B685D2E4213EF55700CFC50F /* Music App */,
				B685D2E3213EF55700CFC50F /* Products */,
				9440CEEAFCD1EC4D40116B42 /* Pods */,
				50D1C2FAE4A75E5E0FBEFDCE /* Frameworks */,
			);
			sourceTree = "<group>";
		};
		B685D2E3213EF55700CFC50F /* Products */ = {
			isa = PBXGroup;
			children = (
				B685D2E2213EF55700CFC50F /* Music App.app */,
			);
			name = Products;
			sourceTree = "<group>";
		};
		B685D2E4213EF55700CFC50F /* Music App */ = {
			isa = PBXGroup;
			children = (
				B685D2E5213EF55700CFC50F /* AppDelegate.swift */,
				B685D2E7213EF55700CFC50F /* ViewController.swift */,
				B685D2E9213EF55700CFC50F /* Main.storyboard */,
				B685D2EC213EF55700CFC50F /* Assets.xcassets */,
				B685D2EE213EF55700CFC50F /* LaunchScreen.storyboard */,
				B685D2F1213EF55700CFC50F /* Info.plist */,
				B685D2F7213EFC4000CFC50F /* TrackCell.swift */,
				B685D2F9213EFC6500CFC50F /* TrackTable.swift */,
				B6A2DDAA2143EBAA003CBF9F /* DataModel.swift */,
				B6A2DDAC21440B78003CBF9F /* Constant.swift */,
			);
			path = "Music App";
			sourceTree = "<group>";
		};
/* End PBXGroup section */

/* Begin PBXNativeTarget section */
		B685D2E1213EF55700CFC50F /* Music App */ = {
			isa = PBXNativeTarget;
			buildConfigurationList = B685D2F4213EF55700CFC50F /* Build configuration list for PBXNativeTarget "Music App" */;
			buildPhases = (
				551E35E6C65F879BF8E64D62 /* [CP] Check Pods Manifest.lock */,
				B685D2DE213EF55700CFC50F /* Sources */,
				B685D2DF213EF55700CFC50F /* Frameworks */,
				B685D2E0213EF55700CFC50F /* Resources */,
				95F0649975B4495F739B869A /* [CP] Embed Pods Frameworks */,
			);
			buildRules = (
			);
			dependencies = (
			);
			name = "Music App";
			productName = "Music App";
			productReference = B685D2E2213EF55700CFC50F /* Music App.app */;
			productType = "com.apple.product-type.application";
		};
/* End PBXNativeTarget section */

/* Begin PBXProject section */
		B685D2DA213EF55700CFC50F /* Project object */ = {
			isa = PBXProject;
			attributes = {
				LastSwiftUpdateCheck = 0900;
				LastUpgradeCheck = 0900;
				ORGANIZATIONNAME = "Ashar Ashfaq";
				TargetAttributes = {
					B685D2E1213EF55700CFC50F = {
						CreatedOnToolsVersion = 9.0.1;
						ProvisioningStyle = Automatic;
					};
				};
			};
			buildConfigurationList = B685D2DD213EF55700CFC50F /* Build configuration list for PBXProject "Music App" */;
			compatibilityVersion = "Xcode 8.0";
			developmentRegion = en;
			hasScannedForEncodings = 0;
			knownRegions = (
				en,
				Base,
			);
			mainGroup = B685D2D9213EF55700CFC50F;
			productRefGroup = B685D2E3213EF55700CFC50F /* Products */;
			projectDirPath = "";
			projectRoot = "";
			targets = (
				B685D2E1213EF55700CFC50F /* Music App */,
			);
		};
/* End PBXProject section */

/* Begin PBXResourcesBuildPhase section */
		B685D2E0213EF55700CFC50F /* Resources */ = {
			isa = PBXResourcesBuildPhase;
			buildActionMask = 2147483647;
			files = (
				B685D2F0213EF55700CFC50F /* LaunchScreen.storyboard in Resources */,
				B685D2ED213EF55700CFC50F /* Assets.xcassets in Resources */,
				B685D2EB213EF55700CFC50F /* Main.storyboard in Resources */,
			);
			runOnlyForDeploymentPostprocessing = 0;
		};
/* End PBXResourcesBuildPhase section */

/* Begin PBXShellScriptBuildPhase section */
		551E35E6C65F879BF8E64D62 /* [CP] Check Pods Manifest.lock */ = {
			isa = PBXShellScriptBuildPhase;
			buildActionMask = 2147483647;
			files = (
			);
			inputPaths = (
				"${PODS_PODFILE_DIR_PATH}/Podfile.lock",
				"${PODS_ROOT}/Manifest.lock",
			);
			name = "[CP] Check Pods Manifest.lock";
			outputPaths = (
				"$(DERIVED_FILE_DIR)/Pods-Music App-checkManifestLockResult.txt",
			);
			runOnlyForDeploymentPostprocessing = 0;
			shellPath = /bin/sh;
			shellScript = "diff \"${PODS_PODFILE_DIR_PATH}/Podfile.lock\" \"${PODS_ROOT}/Manifest.lock\" > /dev/null\nif [ $? != 0 ] ; then\n    # print error to STDERR\n    echo \"error: The sandbox is not in sync with the Podfile.lock. Run 'pod install' or update your CocoaPods installation.\" >&2\n    exit 1\nfi\n# This output is used by Xcode 'outputs' to avoid re-running this script phase.\necho \"SUCCESS\" > \"${SCRIPT_OUTPUT_FILE_0}\"\n";
			showEnvVarsInLog = 0;
		};
		95F0649975B4495F739B869A /* [CP] Embed Pods Frameworks */ = {
			isa = PBXShellScriptBuildPhase;
			buildActionMask = 2147483647;
			files = (
			);
			inputPaths = (
				"${SRCROOT}/Pods/Target Support Files/Pods-Music App/Pods-Music App-frameworks.sh",
				"${BUILT_PRODUCTS_DIR}/Alamofire/Alamofire.framework",
				"${BUILT_PRODUCTS_DIR}/AlamofireImage/AlamofireImage.framework",
				"${BUILT_PRODUCTS_DIR}/PromiseKit/PromiseKit.framework",
				"${BUILT_PRODUCTS_DIR}/ReactiveCocoa/ReactiveCocoa.framework",
				"${BUILT_PRODUCTS_DIR}/ReactiveSwift/ReactiveSwift.framework",
				"${BUILT_PRODUCTS_DIR}/Result/Result.framework",
				"${BUILT_PRODUCTS_DIR}/SkeletonView/SkeletonView.framework",
			);
			name = "[CP] Embed Pods Frameworks";
			outputPaths = (
				"${TARGET_BUILD_DIR}/${FRAMEWORKS_FOLDER_PATH}/Alamofire.framework",
				"${TARGET_BUILD_DIR}/${FRAMEWORKS_FOLDER_PATH}/AlamofireImage.framework",
				"${TARGET_BUILD_DIR}/${FRAMEWORKS_FOLDER_PATH}/PromiseKit.framework",
				"${TARGET_BUILD_DIR}/${FRAMEWORKS_FOLDER_PATH}/ReactiveCocoa.framework",
				"${TARGET_BUILD_DIR}/${FRAMEWORKS_FOLDER_PATH}/ReactiveSwift.framework",
				"${TARGET_BUILD_DIR}/${FRAMEWORKS_FOLDER_PATH}/Result.framework",
				"${TARGET_BUILD_DIR}/${FRAMEWORKS_FOLDER_PATH}/SkeletonView.framework",
			);
			runOnlyForDeploymentPostprocessing = 0;
			shellPath = /bin/sh;
			shellScript = "\"${SRCROOT}/Pods/Target Support Files/Pods-Music App/Pods-Music App-frameworks.sh\"\n";
			showEnvVarsInLog = 0;
		};
/* End PBXShellScriptBuildPhase section */

/* Begin PBXSourcesBuildPhase section */
		B685D2DE213EF55700CFC50F /* Sources */ = {
			isa = PBXSourcesBuildPhase;
			buildActionMask = 2147483647;
			files = (
				B6A2DDAB2143EBAA003CBF9F /* DataModel.swift in Sources */,
				B685D2FA213EFC6500CFC50F /* TrackTable.swift in Sources */,
				B685D2E8213EF55700CFC50F /* ViewController.swift in Sources */,
				B685D2E6213EF55700CFC50F /* AppDelegate.swift in Sources */,
				B685D2F8213EFC4000CFC50F /* TrackCell.swift in Sources */,
				B6A2DDAD21440B78003CBF9F /* Constant.swift in Sources */,
			);
			runOnlyForDeploymentPostprocessing = 0;
		};
/* End PBXSourcesBuildPhase section */

/* Begin PBXVariantGroup section */
		B685D2E9213EF55700CFC50F /* Main.storyboard */ = {
			isa = PBXVariantGroup;
			children = (
				B685D2EA213EF55700CFC50F /* Base */,
			);
			name = Main.storyboard;
			sourceTree = "<group>";
		};
		B685D2EE213EF55700CFC50F /* LaunchScreen.storyboard */ = {
			isa = PBXVariantGroup;
			children = (
				B685D2EF213EF55700CFC50F /* Base */,
			);
			name = LaunchScreen.storyboard;
			sourceTree = "<group>";
		};
/* End PBXVariantGroup section */

/* Begin XCBuildConfiguration section */
		B685D2F2213EF55700CFC50F /* Debug */ = {
			isa = XCBuildConfiguration;
			buildSettings = {
				ALWAYS_SEARCH_USER_PATHS = NO;
				CLANG_ANALYZER_NONNULL = YES;
				CLANG_ANALYZER_NUMBER_OBJECT_CONVERSION = YES_AGGRESSIVE;
				CLANG_CXX_LANGUAGE_STANDARD = "gnu++14";
				CLANG_CXX_LIBRARY = "libc++";
				CLANG_ENABLE_MODULES = YES;
				CLANG_ENABLE_OBJC_ARC = YES;
				CLANG_WARN_BLOCK_CAPTURE_AUTORELEASING = YES;
				CLANG_WARN_BOOL_CONVERSION = YES;
				CLANG_WARN_COMMA = YES;
				CLANG_WARN_CONSTANT_CONVERSION = YES;
				CLANG_WARN_DIRECT_OBJC_ISA_USAGE = YES_ERROR;
				CLANG_WARN_DOCUMENTATION_COMMENTS = YES;
				CLANG_WARN_EMPTY_BODY = YES;
				CLANG_WARN_ENUM_CONVERSION = YES;
				CLANG_WARN_INFINITE_RECURSION = YES;
				CLANG_WARN_INT_CONVERSION = YES;
				CLANG_WARN_NON_LITERAL_NULL_CONVERSION = YES;
				CLANG_WARN_OBJC_LITERAL_CONVERSION = YES;
				CLANG_WARN_OBJC_ROOT_CLASS = YES_ERROR;
				CLANG_WARN_RANGE_LOOP_ANALYSIS = YES;
				CLANG_WARN_STRICT_PROTOTYPES = YES;
				CLANG_WARN_SUSPICIOUS_MOVE = YES;
				CLANG_WARN_UNGUARDED_AVAILABILITY = YES_AGGRESSIVE;
				CLANG_WARN_UNREACHABLE_CODE = YES;
				CLANG_WARN__DUPLICATE_METHOD_MATCH = YES;
				CODE_SIGN_IDENTITY = "iPhone Developer";
				COPY_PHASE_STRIP = NO;
				DEBUG_INFORMATION_FORMAT = dwarf;
				ENABLE_STRICT_OBJC_MSGSEND = YES;
				ENABLE_TESTABILITY = YES;
				GCC_C_LANGUAGE_STANDARD = gnu11;
				GCC_DYNAMIC_NO_PIC = NO;
				GCC_NO_COMMON_BLOCKS = YES;
				GCC_OPTIMIZATION_LEVEL = 0;
				GCC_PREPROCESSOR_DEFINITIONS = (
					"DEBUG=1",
					"$(inherited)",
				);
				GCC_WARN_64_TO_32_BIT_CONVERSION = YES;
				GCC_WARN_ABOUT_RETURN_TYPE = YES_ERROR;
				GCC_WARN_UNDECLARED_SELECTOR = YES;
				GCC_WARN_UNINITIALIZED_AUTOS = YES_AGGRESSIVE;
				GCC_WARN_UNUSED_FUNCTION = YES;
				GCC_WARN_UNUSED_VARIABLE = YES;
				IPHONEOS_DEPLOYMENT_TARGET = 11.0;
				MTL_ENABLE_DEBUG_INFO = YES;
				ONLY_ACTIVE_ARCH = YES;
				SDKROOT = iphoneos;
				SWIFT_ACTIVE_COMPILATION_CONDITIONS = DEBUG;
				SWIFT_OPTIMIZATION_LEVEL = "-Onone";
			};
			name = Debug;
		};
		B685D2F3213EF55700CFC50F /* Release */ = {
			isa = XCBuildConfiguration;
			buildSettings = {
				ALWAYS_SEARCH_USER_PATHS = NO;
				CLANG_ANALYZER_NONNULL = YES;
				CLANG_ANALYZER_NUMBER_OBJECT_CONVERSION = YES_AGGRESSIVE;
				CLANG_CXX_LANGUAGE_STANDARD = "gnu++14";
				CLANG_CXX_LIBRARY = "libc++";
				CLANG_ENABLE_MODULES = YES;
				CLANG_ENABLE_OBJC_ARC = YES;
				CLANG_WARN_BLOCK_CAPTURE_AUTORELEASING = YES;
				CLANG_WARN_BOOL_CONVERSION = YES;
				CLANG_WARN_COMMA = YES;
				CLANG_WARN_CONSTANT_CONVERSION = YES;
				CLANG_WARN_DIRECT_OBJC_ISA_USAGE = YES_ERROR;
				CLANG_WARN_DOCUMENTATION_COMMENTS = YES;
				CLANG_WARN_EMPTY_BODY = YES;
				CLANG_WARN_ENUM_CONVERSION = YES;
				CLANG_WARN_INFINITE_RECURSION = YES;
				CLANG_WARN_INT_CONVERSION = YES;
				CLANG_WARN_NON_LITERAL_NULL_CONVERSION = YES;
				CLANG_WARN_OBJC_LITERAL_CONVERSION = YES;
				CLANG_WARN_OBJC_ROOT_CLASS = YES_ERROR;
				CLANG_WARN_RANGE_LOOP_ANALYSIS = YES;
				CLANG_WARN_STRICT_PROTOTYPES = YES;
				CLANG_WARN_SUSPICIOUS_MOVE = YES;
				CLANG_WARN_UNGUARDED_AVAILABILITY = YES_AGGRESSIVE;
				CLANG_WARN_UNREACHABLE_CODE = YES;
				CLANG_WARN__DUPLICATE_METHOD_MATCH = YES;
				CODE_SIGN_IDENTITY = "iPhone Developer";
				COPY_PHASE_STRIP = NO;
				DEBUG_INFORMATION_FORMAT = "dwarf-with-dsym";
				ENABLE_NS_ASSERTIONS = NO;
				ENABLE_STRICT_OBJC_MSGSEND = YES;
				GCC_C_LANGUAGE_STANDARD = gnu11;
				GCC_NO_COMMON_BLOCKS = YES;
				GCC_WARN_64_TO_32_BIT_CONVERSION = YES;
				GCC_WARN_ABOUT_RETURN_TYPE = YES_ERROR;
				GCC_WARN_UNDECLARED_SELECTOR = YES;
				GCC_WARN_UNINITIALIZED_AUTOS = YES_AGGRESSIVE;
				GCC_WARN_UNUSED_FUNCTION = YES;
				GCC_WARN_UNUSED_VARIABLE = YES;
				IPHONEOS_DEPLOYMENT_TARGET = 11.0;
				MTL_ENABLE_DEBUG_INFO = NO;
				SDKROOT = iphoneos;
				SWIFT_OPTIMIZATION_LEVEL = "-Owholemodule";
				VALIDATE_PRODUCT = YES;
			};
			name = Release;
		};
		B685D2F5213EF55700CFC50F /* Debug */ = {
			isa = XCBuildConfiguration;
			baseConfigurationReference = F151A641342F27E948CB70C7 /* Pods-Music App.debug.xcconfig */;
			buildSettings = {
				ASSETCATALOG_COMPILER_APPICON_NAME = AppIcon;
				CODE_SIGN_STYLE = Automatic;
				INFOPLIST_FILE = "Music App/Info.plist";
				LD_RUNPATH_SEARCH_PATHS = "$(inherited) @executable_path/Frameworks";
				PRODUCT_BUNDLE_IDENTIFIER = "asharradius.Music-App";
				PRODUCT_NAME = "$(TARGET_NAME)";
				SWIFT_VERSION = 4.0;
				TARGETED_DEVICE_FAMILY = "1,2";
			};
			name = Debug;
		};
		B685D2F6213EF55700CFC50F /* Release */ = {
			isa = XCBuildConfiguration;
			baseConfigurationReference = 3D4167BEFCAF6AB0799A50D7 /* Pods-Music App.release.xcconfig */;
			buildSettings = {
				ASSETCATALOG_COMPILER_APPICON_NAME = AppIcon;
				CODE_SIGN_STYLE = Automatic;
				INFOPLIST_FILE = "Music App/Info.plist";
				LD_RUNPATH_SEARCH_PATHS = "$(inherited) @executable_path/Frameworks";
				PRODUCT_BUNDLE_IDENTIFIER = "asharradius.Music-App";
				PRODUCT_NAME = "$(TARGET_NAME)";
				SWIFT_VERSION = 4.0;
				TARGETED_DEVICE_FAMILY = "1,2";
			};
			name = Release;
		};
/* End XCBuildConfiguration section */

/* Begin XCConfigurationList section */
		B685D2DD213EF55700CFC50F /* Build configuration list for PBXProject "Music App" */ = {
			isa = XCConfigurationList;
			buildConfigurations = (
				B685D2F2213EF55700CFC50F /* Debug */,
				B685D2F3213EF55700CFC50F /* Release */,
			);
			defaultConfigurationIsVisible = 0;
			defaultConfigurationName = Release;
		};
		B685D2F4213EF55700CFC50F /* Build configuration list for PBXNativeTarget "Music App" */ = {
			isa = XCConfigurationList;
			buildConfigurations = (
				B685D2F5213EF55700CFC50F /* Debug */,
				B685D2F6213EF55700CFC50F /* Release */,
			);
			defaultConfigurationIsVisible = 0;
			defaultConfigurationName = Release;
		};
/* End XCConfigurationList section */
	};
	rootObject = B685D2DA213EF55700CFC50F /* Project object */;
}
